{
  "name": "@hopin/wbt-ts-node",
  "version": "0.0.126",
  "lockfileVersion": 1,
  "requires": true,
  "dependencies": {
    "@hopin/logger": {
      "version": "2.0.0",
      "resolved": "https://registry.npmjs.org/@hopin/logger/-/logger-2.0.0.tgz",
      "integrity": "sha512-npE/P+BphVBCPBL67AYfPzRDQ+/tAyVHNbPRb0dnfnek3gadpszeZsw0TvxDjYE6s9r85fZb9zLRgcdr84I5Rg=="
    },
    "magic-string": {
      "version": "0.25.9",
      "resolved": "https://registry.npmjs.org/magic-string/-/magic-string-0.25.9.tgz",
      "integrity": "sha512-RmF0AsMzgt25qzqqLc1+MbHmhdx0ojF2Fvs4XnOqz2ZOBXzzkEwc/dJQZCYHAn7v1jbVOjAZfK8msRn4BxO4VQ==",
      "requires": {
        "sourcemap-codec": "^1.4.8"
      }
    },
    "rollup-plugin-hashbang": {
      "version": "3.0.0",
      "resolved": "https://registry.npmjs.org/rollup-plugin-hashbang/-/rollup-plugin-hashbang-3.0.0.tgz",
      "integrity": "sha512-nNC2NeNcvkklPhPCUF8Yb+2a19xI0dSBBJJ2x814+Al2BqIEWOyaGIgEjPVSjjgxhoabkJC5vbO4AeI3cxx3wg==",
      "requires": {
        "magic-string": "^0.25.7"
      }
    },
    "sourcemap-codec": {
      "version": "1.4.8",
      "resolved": "https://registry.npmjs.org/sourcemap-codec/-/sourcemap-codec-1.4.8.tgz",
      "integrity": "sha512-9NykojV5Uih4lgo5So5dtw+f0JgJX30KCNI8gwhz2J9A15wD0Ml6tjHKwf6fTSa6fAdVBdZeNOs9eJ71qCk8vA=="
    }
  }
}
