{
  "name": "@hopin/wbt-ts-browser",
  "version": "0.0.43",
  "lockfileVersion": 1,
  "requires": true,
  "dependencies": {
    "@hopin/logger": {
      "version": "2.0.0",
      "resolved": "https://registry.npmjs.org/@hopin/logger/-/logger-2.0.0.tgz",
      "integrity": "sha512-npE/P+BphVBCPBL67AYfPzRDQ+/tAyVHNbPRb0dnfnek3gadpszeZsw0TvxDjYE6s9r85fZb9zLRgcdr84I5Rg=="
    }
  }
}
