{
  "name": "@hopin/wbt-ts-browser",
  "version": "0.0.17",
  "lockfileVersion": 1,
  "requires": true,
  "dependencies": {
    "@hopin/logger": {
      "version": "2.0.0",
      "resolved": "https://registry.npmjs.org/@hopin/logger/-/logger-2.0.0.tgz",
      "integrity": "sha512-npE/P+BphVBCPBL67AYfPzRDQ+/tAyVHNbPRb0dnfnek3gadpszeZsw0TvxDjYE6s9r85fZb9zLRgcdr84I5Rg=="
    },
    "@types/node": {
      "version": "10.9.1",
      "resolved": "https://registry.npmjs.org/@types/node/-/node-10.9.1.tgz",
      "integrity": "sha512-f+qQR5lLCB8UPhtk8Xm8RQvbR4ycD7MOsdiuAEQCYpz44bBx2g7JL0+iYBcjl9J7d0KT1sX2g0VGNeHfw+GXpg=="
    }
  }
}
