{
	"name": "@hopin/wbt-common",
	"version": "0.0.52",
	"lockfileVersion": 1,
	"requires": true,
	"dependencies": {
		"@hopin/logger": {
			"version": "1.0.2",
			"resolved": "https://registry.npmjs.org/@hopin/logger/-/logger-1.0.2.tgz",
			"integrity": "sha512-1wiBrUDWNwvPbwyECTPtqZ7ruGUIvAKep5YiLRUhkA1bnEwgCEs6pXvN1oJzmXCBnrze/MRws5nJs7ScgHuDaA=="
		}
	}
}
