{
  "name": "@hopin/wbtools-config",
  "version": "0.0.1",
  "lockfileVersion": 1,
  "requires": true,
  "dependencies": {
    "@hopin/logger": {
      "version": "0.0.4",
      "resolved": "https://registry.npmjs.org/@hopin/logger/-/logger-0.0.4.tgz",
      "integrity": "sha512-vvQDOUIP4AqRvmQiRguOu6TCVFdl6TJ4MIAZJyUPZ5/sKFXln582a/mOfalo8JBxHw5PSvf4IY6omC6qmDNJpg=="
    }
  }
}
